
Microsoft Visual Studio Solution File, Format Version 12.00
# Visual Studio Version 17
VisualStudioVersion = 17.8.34525.116
MinimumVisualStudioVersion = 10.0.40219.1
Project("{8BC9CEB8-8B4A-11D0-8D11-00A0C91BC942}") = "Recursive_Permutation", "Recursive_Permutation.vcxproj", "{950F634B-15C3-4EB1-BA1B-01F46481C24F}"
EndProject
Global
	GlobalSection(SolutionConfigurationPlatforms) = preSolution
		Debug|x64 = Debug|x64
		Debug|x86 = Debug|x86
		Release|x64 = Release|x64
		Release|x86 = Release|x86
	EndGlobalSection
	GlobalSection(ProjectConfigurationPlatforms) = postSolution
		{950F634B-15C3-4EB1-BA1B-01F46481C24F}.Debug|x64.ActiveCfg = Debug|x64
		{950F634B-15C3-4EB1-BA1B-01F46481C24F}.Debug|x64.Build.0 = Debug|x64
		{950F634B-15C3-4EB1-BA1B-01F46481C24F}.Debug|x86.ActiveCfg = Debug|Win32
		{950F634B-15C3-4EB1-BA1B-01F46481C24F}.Debug|x86.Build.0 = Debug|Win32
		{950F634B-15C3-4EB1-BA1B-01F46481C24F}.Release|x64.ActiveCfg = Release|x64
		{950F634B-15C3-4EB1-BA1B-01F46481C24F}.Release|x64.Build.0 = Release|x64
		{950F634B-15C3-4EB1-BA1B-01F46481C24F}.Release|x86.ActiveCfg = Release|Win32
		{950F634B-15C3-4EB1-BA1B-01F46481C24F}.Release|x86.Build.0 = Release|Win32
	EndGlobalSection
	GlobalSection(SolutionProperties) = preSolution
		HideSolutionNode = FALSE
	EndGlobalSection
	GlobalSection(ExtensibilityGlobals) = postSolution
		SolutionGuid = {226CCB14-1146-4A26-A114-85B44269EE87}
	EndGlobalSection
EndGlobal
